{
  "originHash" : "63736a2db5604c76dc859bb250e88748e0d2137c640d4b957f6f884017d2bac4",
  "pins" : [
    {
      "identity" : "audiostreaming",
      "kind" : "remoteSourceControl",
      "location" : "https://github.com/dimitris-c/AudioStreaming.git",
      "state" : {
        "revision" : "a729ee28fece29d80a749419d96df0693200f124",
        "version" : "1.4.4"
      }
    },
    {
      "identity" : "ffmpegkit",
      "kind" : "remoteSourceControl",
      "location" : "https://github.com/kingslay/FFmpegKit.git",
      "state" : {
        "revision" : "85b77c589de0360c111de16752db86b60496d70b",
        "version" : "6.1.3"
      }
    },
    {
      "identity" : "flyingfox",
      "kind" : "remoteSourceControl",
      "location" : "https://github.com/swhitty/FlyingFox.git",
      "state" : {
        "revision" : "de38230104cf63ef4843cb569ba11c13f8165685",
        "version" : "0.26.2"
      }
    },
    {
      "identity" : "ksplayer",
      "kind" : "remoteSourceControl",
      "location" : "https://github.com/kingslay/KSPlayer.git",
      "state" : {
        "branch" : "main",
        "revision" : "a7cddd878f557afa6a1f2faad9d756949406adde"
      }
    },
    {
      "identity" : "ogg-binary-xcframework",
      "kind" : "remoteSourceControl",
      "location" : "https://github.com/sbooth/ogg-binary-xcframework",
      "state" : {
        "revision" : "c0e822e18738ad913864e98d9614927ac1e9337c",
        "version" : "0.1.2"
      }
    },
    {
      "identity" : "sqlite.swift",
      "kind" : "remoteSourceControl",
      "location" : "https://github.com/stephencelis/SQLite.swift.git",
      "state" : {
        "revision" : "392dd6058624d9f6c5b4c769d165ddd8c7293394",
        "version" : "0.15.4"
      }
    },
    {
      "identity" : "swift-toolchain-sqlite",
      "kind" : "remoteSourceControl",
      "location" : "https://github.com/swiftlang/swift-toolchain-sqlite",
      "state" : {
        "revision" : "b626d3002773b1a1304166643e7f118f724b2132",
        "version" : "1.0.4"
      }
    },
    {
      "identity" : "vorbis-binary-xcframework",
      "kind" : "remoteSourceControl",
      "location" : "https://github.com/sbooth/vorbis-binary-xcframework",
      "state" : {
        "revision" : "842020eabcebe410e698c68545d6597b2d232e51",
        "version" : "0.1.2"
      }
    },
    {
      "identity" : "zipfoundation",
      "kind" : "remoteSourceControl",
      "location" : "https://github.com/weichsel/ZIPFoundation.git",
      "state" : {
        "revision" : "22787ffb59de99e5dc1fbfe80b19c97a904ad48d",
        "version" : "0.9.20"
      }
    }
  ],
  "version" : 3
}
